
Microsoft Visual Studio Solution File, Format Version 12.00
# Visual Studio Version 17
VisualStudioVersion = 17.0.31903.59
MinimumVisualStudioVersion = 10.0.40219.1
Project("{FAE04EC0-301F-11D3-BF4B-00C04F79EFBC}") = "ConsoleAppTemplate", "ConsoleAppTemplate\ConsoleAppTemplate.csproj", "{BB99E906-01AF-4285-BBF9-C063CDB148E9}"
EndProject
Global
	GlobalSection(SolutionConfigurationPlatforms) = preSolution
		Debug|Any CPU = Debug|Any CPU
		Release|Any CPU = Release|Any CPU
	EndGlobalSection
	GlobalSection(ProjectConfigurationPlatforms) = postSolution
		{BB99E906-01AF-4285-BBF9-C063CDB148E9}.Debug|Any CPU.ActiveCfg = Debug|Any CPU
		{BB99E906-01AF-4285-BBF9-C063CDB148E9}.Debug|Any CPU.Build.0 = Debug|Any CPU
		{BB99E906-01AF-4285-BBF9-C063CDB148E9}.Release|Any CPU.ActiveCfg = Release|Any CPU
		{BB99E906-01AF-4285-BBF9-C063CDB148E9}.Release|Any CPU.Build.0 = Release|Any CPU
	EndGlobalSection
	GlobalSection(SolutionProperties) = preSolution
		HideSolutionNode = FALSE
	EndGlobalSection
	GlobalSection(ExtensibilityGlobals) = postSolution
		SolutionGuid = {3BE1DC14-3175-4495-9AB2-3BAAB1FC9E95}
	EndGlobalSection
EndGlobal
